
Microsoft Visual Studio Solution File, Format Version 12.00
# Visual Studio 14
VisualStudioVersion = 14.0.25420.1
MinimumVisualStudioVersion = 10.0.40219.1
Project("{FAE04EC0-301F-11D3-BF4B-00C04F79EFBC}") = "CCSystem", "CCSystem\CCSystem.csproj", "{C0348C35-919E-4AD6-A670-DD911A29B8C9}"
EndProject
Project("{FAE04EC0-301F-11D3-BF4B-00C04F79EFBC}") = "ExCRUD", "..\ExCRUD\ExCRUD\ExCRUD.csproj", "{F1989433-EFD3-45FB-89E7-5C26B32B438C}"
EndProject
Global
	GlobalSection(SolutionConfigurationPlatforms) = preSolution
		Debug|Any CPU = Debug|Any CPU
		Release|Any CPU = Release|Any CPU
		Testing|Any CPU = Testing|Any CPU
	EndGlobalSection
	GlobalSection(ProjectConfigurationPlatforms) = postSolution
		{C0348C35-919E-4AD6-A670-DD911A29B8C9}.Debug|Any CPU.ActiveCfg = Debug|Any CPU
		{C0348C35-919E-4AD6-A670-DD911A29B8C9}.Debug|Any CPU.Build.0 = Debug|Any CPU
		{C0348C35-919E-4AD6-A670-DD911A29B8C9}.Release|Any CPU.ActiveCfg = Release|Any CPU
		{C0348C35-919E-4AD6-A670-DD911A29B8C9}.Release|Any CPU.Build.0 = Release|Any CPU
		{C0348C35-919E-4AD6-A670-DD911A29B8C9}.Testing|Any CPU.ActiveCfg = Release|Any CPU
		{C0348C35-919E-4AD6-A670-DD911A29B8C9}.Testing|Any CPU.Build.0 = Release|Any CPU
		{F1989433-EFD3-45FB-89E7-5C26B32B438C}.Debug|Any CPU.ActiveCfg = Debug|Any CPU
		{F1989433-EFD3-45FB-89E7-5C26B32B438C}.Debug|Any CPU.Build.0 = Debug|Any CPU
		{F1989433-EFD3-45FB-89E7-5C26B32B438C}.Release|Any CPU.ActiveCfg = Release|Any CPU
		{F1989433-EFD3-45FB-89E7-5C26B32B438C}.Release|Any CPU.Build.0 = Release|Any CPU
		{F1989433-EFD3-45FB-89E7-5C26B32B438C}.Testing|Any CPU.ActiveCfg = Release|Any CPU
		{F1989433-EFD3-45FB-89E7-5C26B32B438C}.Testing|Any CPU.Build.0 = Release|Any CPU
	EndGlobalSection
	GlobalSection(SolutionProperties) = preSolution
		HideSolutionNode = FALSE
	EndGlobalSection
EndGlobal
